
Microsoft Visual Studio Solution File, Format Version 12.00
# Visual Studio 14
VisualStudioVersion = 14.0.25123.0
MinimumVisualStudioVersion = 10.0.40219.1
Project("{FAE04EC0-301F-11D3-BF4B-00C04F79EFBC}") = "Tc_SDKexAIO", "Tc_SDKexAIO.csproj", "{B876878B-F727-4D4B-8DFF-17CA4BB4FE0C}"
EndProject
Global
	GlobalSection(SolutionConfigurationPlatforms) = preSolution
		Debug|Any CPU = Debug|Any CPU
		Release|Any CPU = Release|Any CPU
	EndGlobalSection
	GlobalSection(ProjectConfigurationPlatforms) = postSolution
		{B876878B-F727-4D4B-8DFF-17CA4BB4FE0C}.Debug|Any CPU.ActiveCfg = Debug|Any CPU
		{B876878B-F727-4D4B-8DFF-17CA4BB4FE0C}.Debug|Any CPU.Build.0 = Debug|Any CPU
		{B876878B-F727-4D4B-8DFF-17CA4BB4FE0C}.Release|Any CPU.ActiveCfg = Release|Any CPU
		{B876878B-F727-4D4B-8DFF-17CA4BB4FE0C}.Release|Any CPU.Build.0 = Release|Any CPU
	EndGlobalSection
	GlobalSection(SolutionProperties) = preSolution
		HideSolutionNode = FALSE
	EndGlobalSection
EndGlobal
